Microsoft Visual Studio Solution File, Format Version 12.00
# Visual Studio Version 17
VisualStudioVersion = 17.0.31903.59
MinimumVisualStudioVersion = 10.0.40219.1
Project("{2150E333-8FDC-42A3-9474-1A3956D46DE8}") = "Solution Items", "Solution Items", "{8213F454-E94F-4F84-B21F-E2B3121FDAB5}"
	ProjectSection(SolutionItems) = preProject
		.editorconfig = .editorconfig
		INSTALL.md = INSTALL.md
		Makefile = Makefile
		README.md = README.md
		snapsinazfs.service = snapsinazfs.service
		VersionSuffix = VersionSuffix
	EndProjectSection
EndProject
Project("{2150E333-8FDC-42A3-9474-1A3956D46DE8}") = "Tests", "Tests", "{F0DF7CB3-8AC3-420F-939C-D9E9D4ED4DC2}"
EndProject
Project("{2150E333-8FDC-42A3-9474-1A3956D46DE8}") = "Libraries", "Libraries", "{BF90F296-1208-445D-A45D-E11D7F00EB95}"
EndProject
Project("{2150E333-8FDC-42A3-9474-1A3956D46DE8}") = "Applications", "Applications", "{4D503858-739F-4BCE-92DA-10163F9EFA39}"
EndProject
Project("{2150E333-8FDC-42A3-9474-1A3956D46DE8}") = "Documentation", "Documentation", "{ED331CBD-09F6-4C14-A686-D675761E4979}"
	ProjectSection(SolutionItems) = preProject
		Documentation\install.8 = Documentation\install.8
		Documentation\SnapsInAZfs-config-console.8 = Documentation\SnapsInAZfs-config-console.8
		Documentation\SnapsInAZfs-monitoring.3 = Documentation\SnapsInAZfs-monitoring.3
		Documentation\SnapsInAZfs-zfsprops.7 = Documentation\SnapsInAZfs-zfsprops.7
		Documentation\SnapsInAZfs.5 = Documentation\SnapsInAZfs.5
		Documentation\SnapsInAZfs.8 = Documentation\SnapsInAZfs.8
	EndProjectSection
EndProject
Project("{9A19103F-16F7-4668-BE54-9A1E7A4F7556}") = "SnapsInAZfs", "SnapsInAZfs\SnapsInAZfs.csproj", "{9E62331B-EE99-45B8-916F-04DA39EB3829}"
EndProject
Project("{9A19103F-16F7-4668-BE54-9A1E7A4F7556}") = "SnapsInAZfs.Interop", "SnapsInAZfs.Interop\SnapsInAZfs.Interop.csproj", "{172C9DDB-CCFE-4E31-9F6D-A58A484D561E}"
EndProject
Project("{9A19103F-16F7-4668-BE54-9A1E7A4F7556}") = "SnapsInAZfs.Settings", "SnapsInAZfs.Settings\SnapsInAZfs.Settings.csproj", "{ED58EE5B-D58A-44FB-84DB-01EBED1F93BB}"
EndProject
Project("{9A19103F-16F7-4668-BE54-9A1E7A4F7556}") = "SnapsInAZfs.Interop.Tests", "SnapsInAZfs.Interop.Tests\SnapsInAZfs.Interop.Tests.csproj", "{527FCFD8-6D39-429F-B067-EDFB6A98AC97}"
EndProject
Project("{9A19103F-16F7-4668-BE54-9A1E7A4F7556}") = "SnapsInAZfs.Settings.Tests", "SnapsInAZfs.Settings.Tests\SnapsInAZfs.Settings.Tests.csproj", "{1B2C893E-BB15-443C-886C-2C4212E03F11}"
EndProject
Project("{9A19103F-16F7-4668-BE54-9A1E7A4F7556}") = "SnapsInAZfs.Monitoring", "SnapsInAZfs.Monitoring\SnapsInAZfs.Monitoring.csproj", "{68209F8D-FE0F-4B75-B098-D2B9293F7201}"
EndProject
Project("{9A19103F-16F7-4668-BE54-9A1E7A4F7556}") = "SnapsInAZfs.Monitoring.Tests", "SnapsInAZfs.Monitoring.Tests\SnapsInAZfs.Monitoring.Tests.csproj", "{78494ECB-D883-49BA-A5E2-23D75C1BF59C}"
EndProject
Project("{9A19103F-16F7-4668-BE54-9A1E7A4F7556}") = "SnapsInAZfs.Tests", "SnapsInAZfs.Tests\SnapsInAZfs.Tests.csproj", "{7EA459FB-0977-49E1-92C8-2DA47C1294BB}"
EndProject
Global
	GlobalSection(SolutionConfigurationPlatforms) = preSolution
		Debug|x64 = Debug|x64
		Debug-Windows|x64 = Debug-Windows|x64
		Release|x64 = Release|x64
		Release-R2R|x64 = Release-R2R|x64
	EndGlobalSection
	GlobalSection(ProjectConfigurationPlatforms) = postSolution
		{9E62331B-EE99-45B8-916F-04DA39EB3829}.Debug|x64.ActiveCfg = Debug|x64
		{9E62331B-EE99-45B8-916F-04DA39EB3829}.Debug|x64.Build.0 = Debug|x64
		{9E62331B-EE99-45B8-916F-04DA39EB3829}.Debug-Windows|x64.ActiveCfg = Debug-Windows|x64
		{9E62331B-EE99-45B8-916F-04DA39EB3829}.Debug-Windows|x64.Build.0 = Debug-Windows|x64
		{9E62331B-EE99-45B8-916F-04DA39EB3829}.Release|x64.ActiveCfg = Release|x64
		{9E62331B-EE99-45B8-916F-04DA39EB3829}.Release|x64.Build.0 = Release|x64
		{9E62331B-EE99-45B8-916F-04DA39EB3829}.Release-R2R|x64.ActiveCfg = Release-R2R|x64
		{9E62331B-EE99-45B8-916F-04DA39EB3829}.Release-R2R|x64.Build.0 = Release-R2R|x64
		{172C9DDB-CCFE-4E31-9F6D-A58A484D561E}.Debug|x64.ActiveCfg = Debug|x64
		{172C9DDB-CCFE-4E31-9F6D-A58A484D561E}.Debug|x64.Build.0 = Debug|x64
		{172C9DDB-CCFE-4E31-9F6D-A58A484D561E}.Debug-Windows|x64.ActiveCfg = Debug-Windows|x64
		{172C9DDB-CCFE-4E31-9F6D-A58A484D561E}.Debug-Windows|x64.Build.0 = Debug-Windows|x64
		{172C9DDB-CCFE-4E31-9F6D-A58A484D561E}.Release|x64.ActiveCfg = Release|x64
		{172C9DDB-CCFE-4E31-9F6D-A58A484D561E}.Release|x64.Build.0 = Release|x64
		{172C9DDB-CCFE-4E31-9F6D-A58A484D561E}.Release-R2R|x64.ActiveCfg = Release-R2R|x64
		{172C9DDB-CCFE-4E31-9F6D-A58A484D561E}.Release-R2R|x64.Build.0 = Release-R2R|x64
		{ED58EE5B-D58A-44FB-84DB-01EBED1F93BB}.Debug|x64.ActiveCfg = Debug|x64
		{ED58EE5B-D58A-44FB-84DB-01EBED1F93BB}.Debug|x64.Build.0 = Debug|x64
		{ED58EE5B-D58A-44FB-84DB-01EBED1F93BB}.Debug-Windows|x64.ActiveCfg = Debug-Windows|x64
		{ED58EE5B-D58A-44FB-84DB-01EBED1F93BB}.Debug-Windows|x64.Build.0 = Debug-Windows|x64
		{ED58EE5B-D58A-44FB-84DB-01EBED1F93BB}.Release|x64.ActiveCfg = Release|x64
		{ED58EE5B-D58A-44FB-84DB-01EBED1F93BB}.Release|x64.Build.0 = Release|x64
		{ED58EE5B-D58A-44FB-84DB-01EBED1F93BB}.Release-R2R|x64.ActiveCfg = Release-R2R|x64
		{ED58EE5B-D58A-44FB-84DB-01EBED1F93BB}.Release-R2R|x64.Build.0 = Release-R2R|x64
		{527FCFD8-6D39-429F-B067-EDFB6A98AC97}.Debug|x64.ActiveCfg = Debug|x64
		{527FCFD8-6D39-429F-B067-EDFB6A98AC97}.Debug|x64.Build.0 = Debug|x64
		{527FCFD8-6D39-429F-B067-EDFB6A98AC97}.Debug-Windows|x64.ActiveCfg = Debug-Windows|x64
		{527FCFD8-6D39-429F-B067-EDFB6A98AC97}.Debug-Windows|x64.Build.0 = Debug-Windows|x64
		{527FCFD8-6D39-429F-B067-EDFB6A98AC97}.Release|x64.ActiveCfg = Release|x64
		{527FCFD8-6D39-429F-B067-EDFB6A98AC97}.Release|x64.Build.0 = Release|x64
		{527FCFD8-6D39-429F-B067-EDFB6A98AC97}.Release-R2R|x64.ActiveCfg = Release-R2R|x64
		{527FCFD8-6D39-429F-B067-EDFB6A98AC97}.Release-R2R|x64.Build.0 = Release-R2R|x64
		{1B2C893E-BB15-443C-886C-2C4212E03F11}.Debug|x64.ActiveCfg = Debug|x64
		{1B2C893E-BB15-443C-886C-2C4212E03F11}.Debug|x64.Build.0 = Debug|x64
		{1B2C893E-BB15-443C-886C-2C4212E03F11}.Debug-Windows|x64.ActiveCfg = Debug-Windows|x64
		{1B2C893E-BB15-443C-886C-2C4212E03F11}.Debug-Windows|x64.Build.0 = Debug-Windows|x64
		{1B2C893E-BB15-443C-886C-2C4212E03F11}.Release|x64.ActiveCfg = Release|x64
		{1B2C893E-BB15-443C-886C-2C4212E03F11}.Release|x64.Build.0 = Release|x64
		{1B2C893E-BB15-443C-886C-2C4212E03F11}.Release-R2R|x64.ActiveCfg = Release-R2R|x64
		{1B2C893E-BB15-443C-886C-2C4212E03F11}.Release-R2R|x64.Build.0 = Release-R2R|x64
		{68209F8D-FE0F-4B75-B098-D2B9293F7201}.Debug|x64.ActiveCfg = Debug|x64
		{68209F8D-FE0F-4B75-B098-D2B9293F7201}.Debug|x64.Build.0 = Debug|x64
		{68209F8D-FE0F-4B75-B098-D2B9293F7201}.Debug-Windows|x64.ActiveCfg = Debug-Windows|x64
		{68209F8D-FE0F-4B75-B098-D2B9293F7201}.Debug-Windows|x64.Build.0 = Debug-Windows|x64
		{68209F8D-FE0F-4B75-B098-D2B9293F7201}.Release|x64.ActiveCfg = Release|x64
		{68209F8D-FE0F-4B75-B098-D2B9293F7201}.Release|x64.Build.0 = Release|x64
		{68209F8D-FE0F-4B75-B098-D2B9293F7201}.Release-R2R|x64.ActiveCfg = Release-R2R|x64
		{68209F8D-FE0F-4B75-B098-D2B9293F7201}.Release-R2R|x64.Build.0 = Release-R2R|x64
		{78494ECB-D883-49BA-A5E2-23D75C1BF59C}.Debug|x64.ActiveCfg = Debug|x64
		{78494ECB-D883-49BA-A5E2-23D75C1BF59C}.Debug|x64.Build.0 = Debug|x64
		{78494ECB-D883-49BA-A5E2-23D75C1BF59C}.Debug-Windows|x64.ActiveCfg = Debug-Windows|x64
		{78494ECB-D883-49BA-A5E2-23D75C1BF59C}.Debug-Windows|x64.Build.0 = Debug-Windows|x64
		{78494ECB-D883-49BA-A5E2-23D75C1BF59C}.Release|x64.ActiveCfg = Release|x64
		{78494ECB-D883-49BA-A5E2-23D75C1BF59C}.Release|x64.Build.0 = Release|x64
		{78494ECB-D883-49BA-A5E2-23D75C1BF59C}.Release-R2R|x64.ActiveCfg = Release-R2R|x64
		{78494ECB-D883-49BA-A5E2-23D75C1BF59C}.Release-R2R|x64.Build.0 = Release-R2R|x64
		{7EA459FB-0977-49E1-92C8-2DA47C1294BB}.Debug|x64.ActiveCfg = Debug|x64
		{7EA459FB-0977-49E1-92C8-2DA47C1294BB}.Debug|x64.Build.0 = Debug|x64
		{7EA459FB-0977-49E1-92C8-2DA47C1294BB}.Debug-Windows|x64.ActiveCfg = Debug-Windows|x64
		{7EA459FB-0977-49E1-92C8-2DA47C1294BB}.Debug-Windows|x64.Build.0 = Debug-Windows|x64
		{7EA459FB-0977-49E1-92C8-2DA47C1294BB}.Release|x64.ActiveCfg = Release|x64
		{7EA459FB-0977-49E1-92C8-2DA47C1294BB}.Release|x64.Build.0 = Release|x64
		{7EA459FB-0977-49E1-92C8-2DA47C1294BB}.Release-R2R|x64.ActiveCfg = Release-R2R|x64
		{7EA459FB-0977-49E1-92C8-2DA47C1294BB}.Release-R2R|x64.Build.0 = Release-R2R|x64
	EndGlobalSection
	GlobalSection(SolutionProperties) = preSolution
		HideSolutionNode = FALSE
	EndGlobalSection
	GlobalSection(NestedProjects) = preSolution
		{9E62331B-EE99-45B8-916F-04DA39EB3829} = {4D503858-739F-4BCE-92DA-10163F9EFA39}
		{172C9DDB-CCFE-4E31-9F6D-A58A484D561E} = {BF90F296-1208-445D-A45D-E11D7F00EB95}
		{ED58EE5B-D58A-44FB-84DB-01EBED1F93BB} = {BF90F296-1208-445D-A45D-E11D7F00EB95}
		{527FCFD8-6D39-429F-B067-EDFB6A98AC97} = {F0DF7CB3-8AC3-420F-939C-D9E9D4ED4DC2}
		{1B2C893E-BB15-443C-886C-2C4212E03F11} = {F0DF7CB3-8AC3-420F-939C-D9E9D4ED4DC2}
		{68209F8D-FE0F-4B75-B098-D2B9293F7201} = {BF90F296-1208-445D-A45D-E11D7F00EB95}
		{78494ECB-D883-49BA-A5E2-23D75C1BF59C} = {F0DF7CB3-8AC3-420F-939C-D9E9D4ED4DC2}
		{7EA459FB-0977-49E1-92C8-2DA47C1294BB} = {F0DF7CB3-8AC3-420F-939C-D9E9D4ED4DC2}
	EndGlobalSection
	GlobalSection(ExtensibilityGlobals) = postSolution
		SolutionGuid = {C48CFF09-F3F8-4708-B33C-C996B0B4C693}
	EndGlobalSection
EndGlobal
